
Microsoft Visual Studio Solution File, Format Version 12.00
# Visual Studio 15
VisualStudioVersion = 15.0.26124.0
MinimumVisualStudioVersion = 15.0.26124.0
Project("{FAE04EC0-301F-11D3-BF4B-00C04F79EFBC}") = "PizzaStore.Domain", "PizzaStore.Domain\PizzaStore.Domain.csproj", "{A3D3B1AC-C274-4BAC-9EC8-D975B09ECBD9}"
EndProject
Project("{FAE04EC0-301F-11D3-BF4B-00C04F79EFBC}") = "PizzaStore.Storing", "PizzaStore.Storing\PizzaStore.Storing.csproj", "{95C82EB4-FD46-4916-A375-60E1C732E0D3}"
EndProject
Project("{FAE04EC0-301F-11D3-BF4B-00C04F79EFBC}") = "PizzaStore.Testing", "PizzaStore.Testing\PizzaStore.Testing.csproj", "{7CB702E1-EC95-46D8-B64A-8CBA8CE2099E}"
EndProject
Global
	GlobalSection(SolutionConfigurationPlatforms) = preSolution
		Debug|Any CPU = Debug|Any CPU
		Debug|x64 = Debug|x64
		Debug|x86 = Debug|x86
		Release|Any CPU = Release|Any CPU
		Release|x64 = Release|x64
		Release|x86 = Release|x86
	EndGlobalSection
	GlobalSection(SolutionProperties) = preSolution
		HideSolutionNode = FALSE
	EndGlobalSection
	GlobalSection(ProjectConfigurationPlatforms) = postSolution
		{A3D3B1AC-C274-4BAC-9EC8-D975B09ECBD9}.Debug|Any CPU.ActiveCfg = Debug|Any CPU
		{A3D3B1AC-C274-4BAC-9EC8-D975B09ECBD9}.Debug|Any CPU.Build.0 = Debug|Any CPU
		{A3D3B1AC-C274-4BAC-9EC8-D975B09ECBD9}.Debug|x64.ActiveCfg = Debug|Any CPU
		{A3D3B1AC-C274-4BAC-9EC8-D975B09ECBD9}.Debug|x64.Build.0 = Debug|Any CPU
		{A3D3B1AC-C274-4BAC-9EC8-D975B09ECBD9}.Debug|x86.ActiveCfg = Debug|Any CPU
		{A3D3B1AC-C274-4BAC-9EC8-D975B09ECBD9}.Debug|x86.Build.0 = Debug|Any CPU
		{A3D3B1AC-C274-4BAC-9EC8-D975B09ECBD9}.Release|Any CPU.ActiveCfg = Release|Any CPU
		{A3D3B1AC-C274-4BAC-9EC8-D975B09ECBD9}.Release|Any CPU.Build.0 = Release|Any CPU
		{A3D3B1AC-C274-4BAC-9EC8-D975B09ECBD9}.Release|x64.ActiveCfg = Release|Any CPU
		{A3D3B1AC-C274-4BAC-9EC8-D975B09ECBD9}.Release|x64.Build.0 = Release|Any CPU
		{A3D3B1AC-C274-4BAC-9EC8-D975B09ECBD9}.Release|x86.ActiveCfg = Release|Any CPU
		{A3D3B1AC-C274-4BAC-9EC8-D975B09ECBD9}.Release|x86.Build.0 = Release|Any CPU
		{95C82EB4-FD46-4916-A375-60E1C732E0D3}.Debug|Any CPU.ActiveCfg = Debug|Any CPU
		{95C82EB4-FD46-4916-A375-60E1C732E0D3}.Debug|Any CPU.Build.0 = Debug|Any CPU
		{95C82EB4-FD46-4916-A375-60E1C732E0D3}.Debug|x64.ActiveCfg = Debug|Any CPU
		{95C82EB4-FD46-4916-A375-60E1C732E0D3}.Debug|x64.Build.0 = Debug|Any CPU
		{95C82EB4-FD46-4916-A375-60E1C732E0D3}.Debug|x86.ActiveCfg = Debug|Any CPU
		{95C82EB4-FD46-4916-A375-60E1C732E0D3}.Debug|x86.Build.0 = Debug|Any CPU
		{95C82EB4-FD46-4916-A375-60E1C732E0D3}.Release|Any CPU.ActiveCfg = Release|Any CPU
		{95C82EB4-FD46-4916-A375-60E1C732E0D3}.Release|Any CPU.Build.0 = Release|Any CPU
		{95C82EB4-FD46-4916-A375-60E1C732E0D3}.Release|x64.ActiveCfg = Release|Any CPU
		{95C82EB4-FD46-4916-A375-60E1C732E0D3}.Release|x64.Build.0 = Release|Any CPU
		{95C82EB4-FD46-4916-A375-60E1C732E0D3}.Release|x86.ActiveCfg = Release|Any CPU
		{95C82EB4-FD46-4916-A375-60E1C732E0D3}.Release|x86.Build.0 = Release|Any CPU
		{7CB702E1-EC95-46D8-B64A-8CBA8CE2099E}.Debug|Any CPU.ActiveCfg = Debug|Any CPU
		{7CB702E1-EC95-46D8-B64A-8CBA8CE2099E}.Debug|Any CPU.Build.0 = Debug|Any CPU
		{7CB702E1-EC95-46D8-B64A-8CBA8CE2099E}.Debug|x64.ActiveCfg = Debug|Any CPU
		{7CB702E1-EC95-46D8-B64A-8CBA8CE2099E}.Debug|x64.Build.0 = Debug|Any CPU
		{7CB702E1-EC95-46D8-B64A-8CBA8CE2099E}.Debug|x86.ActiveCfg = Debug|Any CPU
		{7CB702E1-EC95-46D8-B64A-8CBA8CE2099E}.Debug|x86.Build.0 = Debug|Any CPU
		{7CB702E1-EC95-46D8-B64A-8CBA8CE2099E}.Release|Any CPU.ActiveCfg = Release|Any CPU
		{7CB702E1-EC95-46D8-B64A-8CBA8CE2099E}.Release|Any CPU.Build.0 = Release|Any CPU
		{7CB702E1-EC95-46D8-B64A-8CBA8CE2099E}.Release|x64.ActiveCfg = Release|Any CPU
		{7CB702E1-EC95-46D8-B64A-8CBA8CE2099E}.Release|x64.Build.0 = Release|Any CPU
		{7CB702E1-EC95-46D8-B64A-8CBA8CE2099E}.Release|x86.ActiveCfg = Release|Any CPU
		{7CB702E1-EC95-46D8-B64A-8CBA8CE2099E}.Release|x86.Build.0 = Release|Any CPU
	EndGlobalSection
EndGlobal
